
Microsoft Visual Studio Solution File, Format Version 12.00
# Visual Studio Version 17
VisualStudioVersion = 17.8.34525.116
MinimumVisualStudioVersion = 10.0.40219.1
Project("{FAE04EC0-301F-11D3-BF4B-00C04F79EFBC}") = "Xadrez", "Xadrez\Xadrez.csproj", "{9C2C95A4-58DB-4F4D-9D61-70513F87068B}"
EndProject
Global
	GlobalSection(SolutionConfigurationPlatforms) = preSolution
		Debug|Any CPU = Debug|Any CPU
		Release|Any CPU = Release|Any CPU
	EndGlobalSection
	GlobalSection(ProjectConfigurationPlatforms) = postSolution
		{9C2C95A4-58DB-4F4D-9D61-70513F87068B}.Debug|Any CPU.ActiveCfg = Debug|Any CPU
		{9C2C95A4-58DB-4F4D-9D61-70513F87068B}.Debug|Any CPU.Build.0 = Debug|Any CPU
		{9C2C95A4-58DB-4F4D-9D61-70513F87068B}.Release|Any CPU.ActiveCfg = Release|Any CPU
		{9C2C95A4-58DB-4F4D-9D61-70513F87068B}.Release|Any CPU.Build.0 = Release|Any CPU
	EndGlobalSection
	GlobalSection(SolutionProperties) = preSolution
		HideSolutionNode = FALSE
	EndGlobalSection
	GlobalSection(ExtensibilityGlobals) = postSolution
		SolutionGuid = {58D918C5-7D1B-4213-B4FD-8A66A356FD7C}
	EndGlobalSection
EndGlobal
